# Code generated by scarb DO NOT EDIT.
version = 1

[[package]]
name = "cato"
version = "0.1.0"
dependencies = [
 "snforge_std",
]

[[package]]
name = "snforge_scarb_plugin"
version = "0.38.0"
source = "git+https://github.com/foundry-rs/starknet-foundry?tag=v0.38.0#f2e7d0d4077a654992914a688575a85bbe57b9a9"

[[package]]
name = "snforge_std"
version = "0.38.0"
source = "git+https://github.com/foundry-rs/starknet-foundry?tag=v0.38.0#f2e7d0d4077a654992914a688575a85bbe57b9a9"
dependencies = [
 "snforge_scarb_plugin",
]
